
Microsoft Visual Studio Solution File, Format Version 12.00
Project("{FAE04EC0-301F-11D3-BF4B-00C04F79EFBC}") = "Data", "..\..\..\..\..\rsg\Airframe\src\Data\Data.csproj", "{12F04BE8-2479-4755-9FCE-B8A0702A4A6E}"
EndProject
Project("{FAE04EC0-301F-11D3-BF4B-00C04F79EFBC}") = "Bang", "Bang\Bang.csproj", "{DE33D11C-CA99-4F35-B7B1-20E509EF95E2}"
EndProject
Global
	GlobalSection(SolutionConfigurationPlatforms) = preSolution
		Debug|Any CPU = Debug|Any CPU
		Release|Any CPU = Release|Any CPU
	EndGlobalSection
	GlobalSection(ProjectConfigurationPlatforms) = postSolution
		{12F04BE8-2479-4755-9FCE-B8A0702A4A6E}.Debug|Any CPU.ActiveCfg = Debug|Any CPU
		{12F04BE8-2479-4755-9FCE-B8A0702A4A6E}.Debug|Any CPU.Build.0 = Debug|Any CPU
		{12F04BE8-2479-4755-9FCE-B8A0702A4A6E}.Release|Any CPU.ActiveCfg = Release|Any CPU
		{12F04BE8-2479-4755-9FCE-B8A0702A4A6E}.Release|Any CPU.Build.0 = Release|Any CPU
		{DE33D11C-CA99-4F35-B7B1-20E509EF95E2}.Debug|Any CPU.ActiveCfg = Debug|Any CPU
		{DE33D11C-CA99-4F35-B7B1-20E509EF95E2}.Debug|Any CPU.Build.0 = Debug|Any CPU
		{DE33D11C-CA99-4F35-B7B1-20E509EF95E2}.Release|Any CPU.ActiveCfg = Release|Any CPU
		{DE33D11C-CA99-4F35-B7B1-20E509EF95E2}.Release|Any CPU.Build.0 = Release|Any CPU
	EndGlobalSection
EndGlobal
